
Microsoft Visual Studio Solution File, Format Version 12.00
# Visual Studio Version 17
VisualStudioVersion = 17.1.32328.378
MinimumVisualStudioVersion = 10.0.40219.1
Project("{FAE04EC0-301F-11D3-BF4B-00C04F79EFBC}") = "RemakeWatts", "RemakeWatts\RemakeWatts.csproj", "{95B57C14-9EC3-423D-86D0-E3E0F967C6D8}"
EndProject
Project("{54435603-DBB4-11D2-8724-00A0C9A8B90C}") = "WattsSetup", "WattsSetup\WattsSetup.vdproj", "{E377840E-FE74-4746-A1FA-D23F5B852091}"
EndProject
Project("{FAE04EC0-301F-11D3-BF4B-00C04F79EFBC}") = "Payloads", "Payloads\Payloads.csproj", "{24B044E9-4E2C-4EAA-B9D9-1BC17C879854}"
EndProject
Global
	GlobalSection(SolutionConfigurationPlatforms) = preSolution
		Debug|Any CPU = Debug|Any CPU
		Release|Any CPU = Release|Any CPU
	EndGlobalSection
	GlobalSection(ProjectConfigurationPlatforms) = postSolution
		{95B57C14-9EC3-423D-86D0-E3E0F967C6D8}.Debug|Any CPU.ActiveCfg = Debug|Any CPU
		{95B57C14-9EC3-423D-86D0-E3E0F967C6D8}.Debug|Any CPU.Build.0 = Debug|Any CPU
		{95B57C14-9EC3-423D-86D0-E3E0F967C6D8}.Release|Any CPU.ActiveCfg = Release|Any CPU
		{95B57C14-9EC3-423D-86D0-E3E0F967C6D8}.Release|Any CPU.Build.0 = Release|Any CPU
		{E377840E-FE74-4746-A1FA-D23F5B852091}.Debug|Any CPU.ActiveCfg = Debug
		{E377840E-FE74-4746-A1FA-D23F5B852091}.Release|Any CPU.ActiveCfg = Release
		{24B044E9-4E2C-4EAA-B9D9-1BC17C879854}.Debug|Any CPU.ActiveCfg = Debug|Any CPU
		{24B044E9-4E2C-4EAA-B9D9-1BC17C879854}.Debug|Any CPU.Build.0 = Debug|Any CPU
		{24B044E9-4E2C-4EAA-B9D9-1BC17C879854}.Release|Any CPU.ActiveCfg = Release|Any CPU
		{24B044E9-4E2C-4EAA-B9D9-1BC17C879854}.Release|Any CPU.Build.0 = Release|Any CPU
	EndGlobalSection
	GlobalSection(SolutionProperties) = preSolution
		HideSolutionNode = FALSE
	EndGlobalSection
	GlobalSection(ExtensibilityGlobals) = postSolution
		SolutionGuid = {8930318F-C493-45A6-9CDD-074E00AD1925}
	EndGlobalSection
EndGlobal
